
Microsoft Visual Studio Solution File, Format Version 12.00
# Visual Studio Version 16
VisualStudioVersion = 16.0.31129.286
MinimumVisualStudioVersion = 10.0.40219.1
Project("{FAE04EC0-301F-11D3-BF4B-00C04F79EFBC}") = "B21_Ex01_1", "Program\B21_Ex01_1.csproj", "{FB6B175D-DE39-4C0D-A400-9BAED401603A}"
EndProject
Project("{FAE04EC0-301F-11D3-BF4B-00C04F79EFBC}") = "B21_Ex01_2", "B21_Ex01_2\B21_Ex01_2.csproj", "{F12ED70A-7A15-41D0-9ACC-05210F02A7DD}"
EndProject
Project("{FAE04EC0-301F-11D3-BF4B-00C04F79EFBC}") = "B21_Ex01_3", "B21_Ex01_3\B21_Ex01_3.csproj", "{634EA934-DFD6-4B11-A121-23186C2DA6D9}"
EndProject
Project("{FAE04EC0-301F-11D3-BF4B-00C04F79EFBC}") = "B21_Ex01_4", "B21_Ex01_4\B21_Ex01_4.csproj", "{D1246CBF-7A3B-4D28-9D48-9F5E83733614}"
EndProject
Project("{FAE04EC0-301F-11D3-BF4B-00C04F79EFBC}") = "B21_Ex01_5", "B21_Ex01_5\B21_Ex01_5.csproj", "{A7120EDD-8512-4441-ADEB-2EB613309131}"
EndProject
Global
	GlobalSection(SolutionConfigurationPlatforms) = preSolution
		Debug|Any CPU = Debug|Any CPU
		Release|Any CPU = Release|Any CPU
	EndGlobalSection
	GlobalSection(ProjectConfigurationPlatforms) = postSolution
		{FB6B175D-DE39-4C0D-A400-9BAED401603A}.Debug|Any CPU.ActiveCfg = Debug|Any CPU
		{FB6B175D-DE39-4C0D-A400-9BAED401603A}.Debug|Any CPU.Build.0 = Debug|Any CPU
		{FB6B175D-DE39-4C0D-A400-9BAED401603A}.Release|Any CPU.ActiveCfg = Release|Any CPU
		{FB6B175D-DE39-4C0D-A400-9BAED401603A}.Release|Any CPU.Build.0 = Release|Any CPU
		{F12ED70A-7A15-41D0-9ACC-05210F02A7DD}.Debug|Any CPU.ActiveCfg = Debug|Any CPU
		{F12ED70A-7A15-41D0-9ACC-05210F02A7DD}.Debug|Any CPU.Build.0 = Debug|Any CPU
		{F12ED70A-7A15-41D0-9ACC-05210F02A7DD}.Release|Any CPU.ActiveCfg = Release|Any CPU
		{F12ED70A-7A15-41D0-9ACC-05210F02A7DD}.Release|Any CPU.Build.0 = Release|Any CPU
		{634EA934-DFD6-4B11-A121-23186C2DA6D9}.Debug|Any CPU.ActiveCfg = Debug|Any CPU
		{634EA934-DFD6-4B11-A121-23186C2DA6D9}.Debug|Any CPU.Build.0 = Debug|Any CPU
		{634EA934-DFD6-4B11-A121-23186C2DA6D9}.Release|Any CPU.ActiveCfg = Release|Any CPU
		{634EA934-DFD6-4B11-A121-23186C2DA6D9}.Release|Any CPU.Build.0 = Release|Any CPU
		{D1246CBF-7A3B-4D28-9D48-9F5E83733614}.Debug|Any CPU.ActiveCfg = Debug|Any CPU
		{D1246CBF-7A3B-4D28-9D48-9F5E83733614}.Debug|Any CPU.Build.0 = Debug|Any CPU
		{D1246CBF-7A3B-4D28-9D48-9F5E83733614}.Release|Any CPU.ActiveCfg = Release|Any CPU
		{D1246CBF-7A3B-4D28-9D48-9F5E83733614}.Release|Any CPU.Build.0 = Release|Any CPU
		{A7120EDD-8512-4441-ADEB-2EB613309131}.Debug|Any CPU.ActiveCfg = Debug|Any CPU
		{A7120EDD-8512-4441-ADEB-2EB613309131}.Debug|Any CPU.Build.0 = Debug|Any CPU
		{A7120EDD-8512-4441-ADEB-2EB613309131}.Release|Any CPU.ActiveCfg = Release|Any CPU
		{A7120EDD-8512-4441-ADEB-2EB613309131}.Release|Any CPU.Build.0 = Release|Any CPU
	EndGlobalSection
	GlobalSection(SolutionProperties) = preSolution
		HideSolutionNode = FALSE
	EndGlobalSection
	GlobalSection(ExtensibilityGlobals) = postSolution
		SolutionGuid = {C963C670-999E-4968-9B39-18B4736D54E9}
	EndGlobalSection
EndGlobal
